// !$*UTF8*$!
{
	archiveVersion = 1;
	classes = {
	};
	objectVersion = 50;
	objects = {

/* Begin PBXBuildFile section */
		14213824207B647A00A842DF /* AppDelegate.swift in Sources */ = {isa = PBXBuildFile; fileRef = 14213823207B647A00A842DF /* AppDelegate.swift */; };
		14213826207B647A00A842DF /* ViewController.swift in Sources */ = {isa = PBXBuildFile; fileRef = 14213825207B647A00A842DF /* ViewController.swift */; };
		14213829207B647A00A842DF /* Main.storyboard in Resources */ = {isa = PBXBuildFile; fileRef = 14213827207B647A00A842DF /* Main.storyboard */; };
		1421382B207B647B00A842DF /* Assets.xcassets in Resources */ = {isa = PBXBuildFile; fileRef = 1421382A207B647B00A842DF /* Assets.xcassets */; };
		1421382E207B647B00A842DF /* LaunchScreen.storyboard in Resources */ = {isa = PBXBuildFile; fileRef = 1421382C207B647B00A842DF /* LaunchScreen.storyboard */; };
		14213839207B647B00A842DF /* AmityIncubatorTableViewAppTests.swift in Sources */ = {isa = PBXBuildFile; fileRef = 14213838207B647B00A842DF /* AmityIncubatorTableViewAppTests.swift */; };
		14213844207B647B00A842DF /* AmityIncubatorTableViewAppUITests.swift in Sources */ = {isa = PBXBuildFile; fileRef = 14213843207B647B00A842DF /* AmityIncubatorTableViewAppUITests.swift */; };
		14213854207B662600A842DF /* AppLabStudentCell.swift in Sources */ = {isa = PBXBuildFile; fileRef = 14213853207B662600A842DF /* AppLabStudentCell.swift */; };
/* End PBXBuildFile section */

/* Begin PBXContainerItemProxy section */
		14213835207B647B00A842DF /* PBXContainerItemProxy */ = {
			isa = PBXContainerItemProxy;
			containerPortal = 14213818207B647A00A842DF /* Project object */;
			proxyType = 1;
			remoteGlobalIDString = 1421381F207B647A00A842DF;
			remoteInfo = AmityIncubatorTableViewApp;
		};
		14213840207B647B00A842DF /* PBXContainerItemProxy */ = {
			isa = PBXContainerItemProxy;
			containerPortal = 14213818207B647A00A842DF /* Project object */;
			proxyType = 1;
			remoteGlobalIDString = 1421381F207B647A00A842DF;
			remoteInfo = AmityIncubatorTableViewApp;
		};
/* End PBXContainerItemProxy section */

/* Begin PBXFileReference section */
		14213820207B647A00A842DF /* AmityIncubatorTableViewApp.app */ = {isa = PBXFileReference; explicitFileType = wrapper.application; includeInIndex = 0; path = AmityIncubatorTableViewApp.app; sourceTree = BUILT_PRODUCTS_DIR; };
		14213823207B647A00A842DF /* AppDelegate.swift */ = {isa = PBXFileReference; lastKnownFileType = sourcecode.swift; path = AppDelegate.swift; sourceTree = "<group>"; };
		14213825207B647A00A842DF /* ViewController.swift */ = {isa = PBXFileReference; lastKnownFileType = sourcecode.swift; path = ViewController.swift; sourceTree = "<group>"; };
		14213828207B647A00A842DF /* Base */ = {isa = PBXFileReference; lastKnownFileType = file.storyboard; name = Base; path = Base.lproj/Main.storyboard; sourceTree = "<group>"; };
		1421382A207B647B00A842DF /* Assets.xcassets */ = {isa = PBXFileReference; lastKnownFileType = folder.assetcatalog; path = Assets.xcassets; sourceTree = "<group>"; };
		1421382D207B647B00A842DF /* Base */ = {isa = PBXFileReference; lastKnownFileType = file.storyboard; name = Base; path = Base.lproj/LaunchScreen.storyboard; sourceTree = "<group>"; };
		1421382F207B647B00A842DF /* Info.plist */ = {isa = PBXFileReference; lastKnownFileType = text.plist.xml; path = Info.plist; sourceTree = "<group>"; };
		14213834207B647B00A842DF /* AmityIncubatorTableViewAppTests.xctest */ = {isa = PBXFileReference; explicitFileType = wrapper.cfbundle; includeInIndex = 0; path = AmityIncubatorTableViewAppTests.xctest; sourceTree = BUILT_PRODUCTS_DIR; };
		14213838207B647B00A842DF /* AmityIncubatorTableViewAppTests.swift */ = {isa = PBXFileReference; lastKnownFileType = sourcecode.swift; path = AmityIncubatorTableViewAppTests.swift; sourceTree = "<group>"; };
		1421383A207B647B00A842DF /* Info.plist */ = {isa = PBXFileReference; lastKnownFileType = text.plist.xml; path = Info.plist; sourceTree = "<group>"; };
		1421383F207B647B00A842DF /* AmityIncubatorTableViewAppUITests.xctest */ = {isa = PBXFileReference; explicitFileType = wrapper.cfbundle; includeInIndex = 0; path = AmityIncubatorTableViewAppUITests.xctest; sourceTree = BUILT_PRODUCTS_DIR; };
		14213843207B647B00A842DF /* AmityIncubatorTableViewAppUITests.swift */ = {isa = PBXFileReference; lastKnownFileType = sourcecode.swift; path = AmityIncubatorTableViewAppUITests.swift; sourceTree = "<group>"; };
		14213845207B647B00A842DF /* Info.plist */ = {isa = PBXFileReference; lastKnownFileType = text.plist.xml; path = Info.plist; sourceTree = "<group>"; };
		14213853207B662600A842DF /* AppLabStudentCell.swift */ = {isa = PBXFileReference; lastKnownFileType = sourcecode.swift; path = AppLabStudentCell.swift; sourceTree = "<group>"; };
/* End PBXFileReference section */

/* Begin PBXFrameworksBuildPhase section */
		1421381D207B647A00A842DF /* Frameworks */ = {
			isa = PBXFrameworksBuildPhase;
			buildActionMask = 2147483647;
			files = (
			);
			runOnlyForDeploymentPostprocessing = 0;
		};
		14213831207B647B00A842DF /* Frameworks */ = {
			isa = PBXFrameworksBuildPhase;
			buildActionMask = 2147483647;
			files = (
			);
			runOnlyForDeploymentPostprocessing = 0;
		};
		1421383C207B647B00A842DF /* Frameworks */ = {
			isa = PBXFrameworksBuildPhase;
			buildActionMask = 2147483647;
			files = (
			);
			runOnlyForDeploymentPostprocessing = 0;
		};
/* End PBXFrameworksBuildPhase section */

/* Begin PBXGroup section */
		14213817207B647A00A842DF = {
			isa = PBXGroup;
			children = (
				14213822207B647A00A842DF /* AmityIncubatorTableViewApp */,
				14213837207B647B00A842DF /* AmityIncubatorTableViewAppTests */,
				14213842207B647B00A842DF /* AmityIncubatorTableViewAppUITests */,
				14213821207B647A00A842DF /* Products */,
			);
			sourceTree = "<group>";
		};
		14213821207B647A00A842DF /* Products */ = {
			isa = PBXGroup;
			children = (
				14213820207B647A00A842DF /* AmityIncubatorTableViewApp.app */,
				14213834207B647B00A842DF /* AmityIncubatorTableViewAppTests.xctest */,
				1421383F207B647B00A842DF /* AmityIncubatorTableViewAppUITests.xctest */,
			);
			name = Products;
			sourceTree = "<group>";
		};
		14213822207B647A00A842DF /* AmityIncubatorTableViewApp */ = {
			isa = PBXGroup;
			children = (
				14213823207B647A00A842DF /* AppDelegate.swift */,
				14213825207B647A00A842DF /* ViewController.swift */,
				14213827207B647A00A842DF /* Main.storyboard */,
				1421382A207B647B00A842DF /* Assets.xcassets */,
				1421382C207B647B00A842DF /* LaunchScreen.storyboard */,
				1421382F207B647B00A842DF /* Info.plist */,
				14213853207B662600A842DF /* AppLabStudentCell.swift */,
			);
			path = AmityIncubatorTableViewApp;
			sourceTree = "<group>";
		};
		14213837207B647B00A842DF /* AmityIncubatorTableViewAppTests */ = {
			isa = PBXGroup;
			children = (
				14213838207B647B00A842DF /* AmityIncubatorTableViewAppTests.swift */,
				1421383A207B647B00A842DF /* Info.plist */,
			);
			path = AmityIncubatorTableViewAppTests;
			sourceTree = "<group>";
		};
		14213842207B647B00A842DF /* AmityIncubatorTableViewAppUITests */ = {
			isa = PBXGroup;
			children = (
				14213843207B647B00A842DF /* AmityIncubatorTableViewAppUITests.swift */,
				14213845207B647B00A842DF /* Info.plist */,
			);
			path = AmityIncubatorTableViewAppUITests;
			sourceTree = "<group>";
		};
/* End PBXGroup section */

/* Begin PBXNativeTarget section */
		1421381F207B647A00A842DF /* AmityIncubatorTableViewApp */ = {
			isa = PBXNativeTarget;
			buildConfigurationList = 14213848207B647B00A842DF /* Build configuration list for PBXNativeTarget "AmityIncubatorTableViewApp" */;
			buildPhases = (
				1421381C207B647A00A842DF /* Sources */,
				1421381D207B647A00A842DF /* Frameworks */,
				1421381E207B647A00A842DF /* Resources */,
			);
			buildRules = (
			);
			dependencies = (
			);
			name = AmityIncubatorTableViewApp;
			productName = AmityIncubatorTableViewApp;
			productReference = 14213820207B647A00A842DF /* AmityIncubatorTableViewApp.app */;
			productType = "com.apple.product-type.application";
		};
		14213833207B647B00A842DF /* AmityIncubatorTableViewAppTests */ = {
			isa = PBXNativeTarget;
			buildConfigurationList = 1421384B207B647B00A842DF /* Build configuration list for PBXNativeTarget "AmityIncubatorTableViewAppTests" */;
			buildPhases = (
				14213830207B647B00A842DF /* Sources */,
				14213831207B647B00A842DF /* Frameworks */,
				14213832207B647B00A842DF /* Resources */,
			);
			buildRules = (
			);
			dependencies = (
				14213836207B647B00A842DF /* PBXTargetDependency */,
			);
			name = AmityIncubatorTableViewAppTests;
			productName = AmityIncubatorTableViewAppTests;
			productReference = 14213834207B647B00A842DF /* AmityIncubatorTableViewAppTests.xctest */;
			productType = "com.apple.product-type.bundle.unit-test";
		};
		1421383E207B647B00A842DF /* AmityIncubatorTableViewAppUITests */ = {
			isa = PBXNativeTarget;
			buildConfigurationList = 1421384E207B647B00A842DF /* Build configuration list for PBXNativeTarget "AmityIncubatorTableViewAppUITests" */;
			buildPhases = (
				1421383B207B647B00A842DF /* Sources */,
				1421383C207B647B00A842DF /* Frameworks */,
				1421383D207B647B00A842DF /* Resources */,
			);
			buildRules = (
			);
			dependencies = (
				14213841207B647B00A842DF /* PBXTargetDependency */,
			);
			name = AmityIncubatorTableViewAppUITests;
			productName = AmityIncubatorTableViewAppUITests;
			productReference = 1421383F207B647B00A842DF /* AmityIncubatorTableViewAppUITests.xctest */;
			productType = "com.apple.product-type.bundle.ui-testing";
		};
/* End PBXNativeTarget section */

/* Begin PBXProject section */
		14213818207B647A00A842DF /* Project object */ = {
			isa = PBXProject;
			attributes = {
				LastSwiftUpdateCheck = 0930;
				LastUpgradeCheck = 0930;
				ORGANIZATIONNAME = "Amity Innovation Incubator";
				TargetAttributes = {
					1421381F207B647A00A842DF = {
						CreatedOnToolsVersion = 9.3;
					};
					14213833207B647B00A842DF = {
						CreatedOnToolsVersion = 9.3;
						TestTargetID = 1421381F207B647A00A842DF;
					};
					1421383E207B647B00A842DF = {
						CreatedOnToolsVersion = 9.3;
						TestTargetID = 1421381F207B647A00A842DF;
					};
				};
			};
			buildConfigurationList = 1421381B207B647A00A842DF /* Build configuration list for PBXProject "AmityIncubatorTableViewApp" */;
			compatibilityVersion = "Xcode 9.3";
			developmentRegion = en;
			hasScannedForEncodings = 0;
			knownRegions = (
				en,
				Base,
			);
			mainGroup = 14213817207B647A00A842DF;
			productRefGroup = 14213821207B647A00A842DF /* Products */;
			projectDirPath = "";
			projectRoot = "";
			targets = (
				1421381F207B647A00A842DF /* AmityIncubatorTableViewApp */,
				14213833207B647B00A842DF /* AmityIncubatorTableViewAppTests */,
				1421383E207B647B00A842DF /* AmityIncubatorTableViewAppUITests */,
			);
		};
/* End PBXProject section */

/* Begin PBXResourcesBuildPhase section */
		1421381E207B647A00A842DF /* Resources */ = {
			isa = PBXResourcesBuildPhase;
			buildActionMask = 2147483647;
			files = (
				1421382E207B647B00A842DF /* LaunchScreen.storyboard in Resources */,
				1421382B207B647B00A842DF /* Assets.xcassets in Resources */,
				14213829207B647A00A842DF /* Main.storyboard in Resources */,
			);
			runOnlyForDeploymentPostprocessing = 0;
		};
		14213832207B647B00A842DF /* Resources */ = {
			isa = PBXResourcesBuildPhase;
			buildActionMask = 2147483647;
			files = (
			);
			runOnlyForDeploymentPostprocessing = 0;
		};
		1421383D207B647B00A842DF /* Resources */ = {
			isa = PBXResourcesBuildPhase;
			buildActionMask = 2147483647;
			files = (
			);
			runOnlyForDeploymentPostprocessing = 0;
		};
/* End PBXResourcesBuildPhase section */

/* Begin PBXSourcesBuildPhase section */
		1421381C207B647A00A842DF /* Sources */ = {
			isa = PBXSourcesBuildPhase;
			buildActionMask = 2147483647;
			files = (
				14213826207B647A00A842DF /* ViewController.swift in Sources */,
				14213854207B662600A842DF /* AppLabStudentCell.swift in Sources */,
				14213824207B647A00A842DF /* AppDelegate.swift in Sources */,
			);
			runOnlyForDeploymentPostprocessing = 0;
		};
		14213830207B647B00A842DF /* Sources */ = {
			isa = PBXSourcesBuildPhase;
			buildActionMask = 2147483647;
			files = (
				14213839207B647B00A842DF /* AmityIncubatorTableViewAppTests.swift in Sources */,
			);
			runOnlyForDeploymentPostprocessing = 0;
		};
		1421383B207B647B00A842DF /* Sources */ = {
			isa = PBXSourcesBuildPhase;
			buildActionMask = 2147483647;
			files = (
				14213844207B647B00A842DF /* AmityIncubatorTableViewAppUITests.swift in Sources */,
			);
			runOnlyForDeploymentPostprocessing = 0;
		};
/* End PBXSourcesBuildPhase section */

/* Begin PBXTargetDependency section */
		14213836207B647B00A842DF /* PBXTargetDependency */ = {
			isa = PBXTargetDependency;
			target = 1421381F207B647A00A842DF /* AmityIncubatorTableViewApp */;
			targetProxy = 14213835207B647B00A842DF /* PBXContainerItemProxy */;
		};
		14213841207B647B00A842DF /* PBXTargetDependency */ = {
			isa = PBXTargetDependency;
			target = 1421381F207B647A00A842DF /* AmityIncubatorTableViewApp */;
			targetProxy = 14213840207B647B00A842DF /* PBXContainerItemProxy */;
		};
/* End PBXTargetDependency section */

/* Begin PBXVariantGroup section */
		14213827207B647A00A842DF /* Main.storyboard */ = {
			isa = PBXVariantGroup;
			children = (
				14213828207B647A00A842DF /* Base */,
			);
			name = Main.storyboard;
			sourceTree = "<group>";
		};
		1421382C207B647B00A842DF /* LaunchScreen.storyboard */ = {
			isa = PBXVariantGroup;
			children = (
				1421382D207B647B00A842DF /* Base */,
			);
			name = LaunchScreen.storyboard;
			sourceTree = "<group>";
		};
/* End PBXVariantGroup section */

/* Begin XCBuildConfiguration section */
		14213846207B647B00A842DF /* Debug */ = {
			isa = XCBuildConfiguration;
			buildSettings = {
				ALWAYS_SEARCH_USER_PATHS = NO;
				CLANG_ANALYZER_NONNULL = YES;
				CLANG_ANALYZER_NUMBER_OBJECT_CONVERSION = YES_AGGRESSIVE;
				CLANG_CXX_LANGUAGE_STANDARD = "gnu++14";
				CLANG_CXX_LIBRARY = "libc++";
				CLANG_ENABLE_MODULES = YES;
				CLANG_ENABLE_OBJC_ARC = YES;
				CLANG_ENABLE_OBJC_WEAK = YES;
				CLANG_WARN_BLOCK_CAPTURE_AUTORELEASING = YES;
				CLANG_WARN_BOOL_CONVERSION = YES;
				CLANG_WARN_COMMA = YES;
				CLANG_WARN_CONSTANT_CONVERSION = YES;
				CLANG_WARN_DEPRECATED_OBJC_IMPLEMENTATIONS = YES;
				CLANG_WARN_DIRECT_OBJC_ISA_USAGE = YES_ERROR;
				CLANG_WARN_DOCUMENTATION_COMMENTS = YES;
				CLANG_WARN_EMPTY_BODY = YES;
				CLANG_WARN_ENUM_CONVERSION = YES;
				CLANG_WARN_INFINITE_RECURSION = YES;
				CLANG_WARN_INT_CONVERSION = YES;
				CLANG_WARN_NON_LITERAL_NULL_CONVERSION = YES;
				CLANG_WARN_OBJC_IMPLICIT_RETAIN_SELF = YES;
				CLANG_WARN_OBJC_LITERAL_CONVERSION = YES;
				CLANG_WARN_OBJC_ROOT_CLASS = YES_ERROR;
				CLANG_WARN_RANGE_LOOP_ANALYSIS = YES;
				CLANG_WARN_STRICT_PROTOTYPES = YES;
				CLANG_WARN_SUSPICIOUS_MOVE = YES;
				CLANG_WARN_UNGUARDED_AVAILABILITY = YES_AGGRESSIVE;
				CLANG_WARN_UNREACHABLE_CODE = YES;
				CLANG_WARN__DUPLICATE_METHOD_MATCH = YES;
				CODE_SIGN_IDENTITY = "iPhone Developer";
				COPY_PHASE_STRIP = NO;
				DEBUG_INFORMATION_FORMAT = dwarf;
				ENABLE_STRICT_OBJC_MSGSEND = YES;
				ENABLE_TESTABILITY = YES;
				GCC_C_LANGUAGE_STANDARD = gnu11;
				GCC_DYNAMIC_NO_PIC = NO;
				GCC_NO_COMMON_BLOCKS = YES;
				GCC_OPTIMIZATION_LEVEL = 0;
				GCC_PREPROCESSOR_DEFINITIONS = (
					"DEBUG=1",
					"$(inherited)",
				);
				GCC_WARN_64_TO_32_BIT_CONVERSION = YES;
				GCC_WARN_ABOUT_RETURN_TYPE = YES_ERROR;
				GCC_WARN_UNDECLARED_SELECTOR = YES;
				GCC_WARN_UNINITIALIZED_AUTOS = YES_AGGRESSIVE;
				GCC_WARN_UNUSED_FUNCTION = YES;
				GCC_WARN_UNUSED_VARIABLE = YES;
				IPHONEOS_DEPLOYMENT_TARGET = 11.3;
				MTL_ENABLE_DEBUG_INFO = YES;
				ONLY_ACTIVE_ARCH = YES;
				SDKROOT = iphoneos;
				SWIFT_ACTIVE_COMPILATION_CONDITIONS = DEBUG;
				SWIFT_OPTIMIZATION_LEVEL = "-Onone";
			};
			name = Debug;
		};
		14213847207B647B00A842DF /* Release */ = {
			isa = XCBuildConfiguration;
			buildSettings = {
				ALWAYS_SEARCH_USER_PATHS = NO;
				CLANG_ANALYZER_NONNULL = YES;
				CLANG_ANALYZER_NUMBER_OBJECT_CONVERSION = YES_AGGRESSIVE;
				CLANG_CXX_LANGUAGE_STANDARD = "gnu++14";
				CLANG_CXX_LIBRARY = "libc++";
				CLANG_ENABLE_MODULES = YES;
				CLANG_ENABLE_OBJC_ARC = YES;
				CLANG_ENABLE_OBJC_WEAK = YES;
				CLANG_WARN_BLOCK_CAPTURE_AUTORELEASING = YES;
				CLANG_WARN_BOOL_CONVERSION = YES;
				CLANG_WARN_COMMA = YES;
				CLANG_WARN_CONSTANT_CONVERSION = YES;
				CLANG_WARN_DEPRECATED_OBJC_IMPLEMENTATIONS = YES;
				CLANG_WARN_DIRECT_OBJC_ISA_USAGE = YES_ERROR;
				CLANG_WARN_DOCUMENTATION_COMMENTS = YES;
				CLANG_WARN_EMPTY_BODY = YES;
				CLANG_WARN_ENUM_CONVERSION = YES;
				CLANG_WARN_INFINITE_RECURSION = YES;
				CLANG_WARN_INT_CONVERSION = YES;
				CLANG_WARN_NON_LITERAL_NULL_CONVERSION = YES;
				CLANG_WARN_OBJC_IMPLICIT_RETAIN_SELF = YES;
				CLANG_WARN_OBJC_LITERAL_CONVERSION = YES;
				CLANG_WARN_OBJC_ROOT_CLASS = YES_ERROR;
				CLANG_WARN_RANGE_LOOP_ANALYSIS = YES;
				CLANG_WARN_STRICT_PROTOTYPES = YES;
				CLANG_WARN_SUSPICIOUS_MOVE = YES;
				CLANG_WARN_UNGUARDED_AVAILABILITY = YES_AGGRESSIVE;
				CLANG_WARN_UNREACHABLE_CODE = YES;
				CLANG_WARN__DUPLICATE_METHOD_MATCH = YES;
				CODE_SIGN_IDENTITY = "iPhone Developer";
				COPY_PHASE_STRIP = NO;
				DEBUG_INFORMATION_FORMAT = "dwarf-with-dsym";
				ENABLE_NS_ASSERTIONS = NO;
				ENABLE_STRICT_OBJC_MSGSEND = YES;
				GCC_C_LANGUAGE_STANDARD = gnu11;
				GCC_NO_COMMON_BLOCKS = YES;
				GCC_WARN_64_TO_32_BIT_CONVERSION = YES;
				GCC_WARN_ABOUT_RETURN_TYPE = YES_ERROR;
				GCC_WARN_UNDECLARED_SELECTOR = YES;
				GCC_WARN_UNINITIALIZED_AUTOS = YES_AGGRESSIVE;
				GCC_WARN_UNUSED_FUNCTION = YES;
				GCC_WARN_UNUSED_VARIABLE = YES;
				IPHONEOS_DEPLOYMENT_TARGET = 11.3;
				MTL_ENABLE_DEBUG_INFO = NO;
				SDKROOT = iphoneos;
				SWIFT_COMPILATION_MODE = wholemodule;
				SWIFT_OPTIMIZATION_LEVEL = "-O";
				VALIDATE_PRODUCT = YES;
			};
			name = Release;
		};
		14213849207B647B00A842DF /* Debug */ = {
			isa = XCBuildConfiguration;
			buildSettings = {
				ASSETCATALOG_COMPILER_APPICON_NAME = AppIcon;
				CODE_SIGN_STYLE = Automatic;
				INFOPLIST_FILE = AmityIncubatorTableViewApp/Info.plist;
				LD_RUNPATH_SEARCH_PATHS = (
					"$(inherited)",
					"@executable_path/Frameworks",
				);
				PRODUCT_BUNDLE_IDENTIFIER = edu.amity.AmityIncubatorTableViewApp;
				PRODUCT_NAME = "$(TARGET_NAME)";
				SWIFT_VERSION = 4.0;
				TARGETED_DEVICE_FAMILY = "1,2";
			};
			name = Debug;
		};
		1421384A207B647B00A842DF /* Release */ = {
			isa = XCBuildConfiguration;
			buildSettings = {
				ASSETCATALOG_COMPILER_APPICON_NAME = AppIcon;
				CODE_SIGN_STYLE = Automatic;
				INFOPLIST_FILE = AmityIncubatorTableViewApp/Info.plist;
				LD_RUNPATH_SEARCH_PATHS = (
					"$(inherited)",
					"@executable_path/Frameworks",
				);
				PRODUCT_BUNDLE_IDENTIFIER = edu.amity.AmityIncubatorTableViewApp;
				PRODUCT_NAME = "$(TARGET_NAME)";
				SWIFT_VERSION = 4.0;
				TARGETED_DEVICE_FAMILY = "1,2";
			};
			name = Release;
		};
		1421384C207B647B00A842DF /* Debug */ = {
			isa = XCBuildConfiguration;
			buildSettings = {
				ALWAYS_EMBED_SWIFT_STANDARD_LIBRARIES = YES;
				BUNDLE_LOADER = "$(TEST_HOST)";
				CODE_SIGN_STYLE = Automatic;
				INFOPLIST_FILE = AmityIncubatorTableViewAppTests/Info.plist;
				LD_RUNPATH_SEARCH_PATHS = (
					"$(inherited)",
					"@executable_path/Frameworks",
					"@loader_path/Frameworks",
				);
				PRODUCT_BUNDLE_IDENTIFIER = edu.amity.AmityIncubatorTableViewAppTests;
				PRODUCT_NAME = "$(TARGET_NAME)";
				SWIFT_VERSION = 4.0;
				TARGETED_DEVICE_FAMILY = "1,2";
				TEST_HOST = "$(BUILT_PRODUCTS_DIR)/AmityIncubatorTableViewApp.app/AmityIncubatorTableViewApp";
			};
			name = Debug;
		};
		1421384D207B647B00A842DF /* Release */ = {
			isa = XCBuildConfiguration;
			buildSettings = {
				ALWAYS_EMBED_SWIFT_STANDARD_LIBRARIES = YES;
				BUNDLE_LOADER = "$(TEST_HOST)";
				CODE_SIGN_STYLE = Automatic;
				INFOPLIST_FILE = AmityIncubatorTableViewAppTests/Info.plist;
				LD_RUNPATH_SEARCH_PATHS = (
					"$(inherited)",
					"@executable_path/Frameworks",
					"@loader_path/Frameworks",
				);
				PRODUCT_BUNDLE_IDENTIFIER = edu.amity.AmityIncubatorTableViewAppTests;
				PRODUCT_NAME = "$(TARGET_NAME)";
				SWIFT_VERSION = 4.0;
				TARGETED_DEVICE_FAMILY = "1,2";
				TEST_HOST = "$(BUILT_PRODUCTS_DIR)/AmityIncubatorTableViewApp.app/AmityIncubatorTableViewApp";
			};
			name = Release;
		};
		1421384F207B647B00A842DF /* Debug */ = {
			isa = XCBuildConfiguration;
			buildSettings = {
				ALWAYS_EMBED_SWIFT_STANDARD_LIBRARIES = YES;
				CODE_SIGN_STYLE = Automatic;
				INFOPLIST_FILE = AmityIncubatorTableViewAppUITests/Info.plist;
				LD_RUNPATH_SEARCH_PATHS = (
					"$(inherited)",
					"@executable_path/Frameworks",
					"@loader_path/Frameworks",
				);
				PRODUCT_BUNDLE_IDENTIFIER = edu.amity.AmityIncubatorTableViewAppUITests;
				PRODUCT_NAME = "$(TARGET_NAME)";
				SWIFT_VERSION = 4.0;
				TARGETED_DEVICE_FAMILY = "1,2";
				TEST_TARGET_NAME = AmityIncubatorTableViewApp;
			};
			name = Debug;
		};
		14213850207B647B00A842DF /* Release */ = {
			isa = XCBuildConfiguration;
			buildSettings = {
				ALWAYS_EMBED_SWIFT_STANDARD_LIBRARIES = YES;
				CODE_SIGN_STYLE = Automatic;
				INFOPLIST_FILE = AmityIncubatorTableViewAppUITests/Info.plist;
				LD_RUNPATH_SEARCH_PATHS = (
					"$(inherited)",
					"@executable_path/Frameworks",
					"@loader_path/Frameworks",
				);
				PRODUCT_BUNDLE_IDENTIFIER = edu.amity.AmityIncubatorTableViewAppUITests;
				PRODUCT_NAME = "$(TARGET_NAME)";
				SWIFT_VERSION = 4.0;
				TARGETED_DEVICE_FAMILY = "1,2";
				TEST_TARGET_NAME = AmityIncubatorTableViewApp;
			};
			name = Release;
		};
/* End XCBuildConfiguration section */

/* Begin XCConfigurationList section */
		1421381B207B647A00A842DF /* Build configuration list for PBXProject "AmityIncubatorTableViewApp" */ = {
			isa = XCConfigurationList;
			buildConfigurations = (
				14213846207B647B00A842DF /* Debug */,
				14213847207B647B00A842DF /* Release */,
			);
			defaultConfigurationIsVisible = 0;
			defaultConfigurationName = Release;
		};
		14213848207B647B00A842DF /* Build configuration list for PBXNativeTarget "AmityIncubatorTableViewApp" */ = {
			isa = XCConfigurationList;
			buildConfigurations = (
				14213849207B647B00A842DF /* Debug */,
				1421384A207B647B00A842DF /* Release */,
			);
			defaultConfigurationIsVisible = 0;
			defaultConfigurationName = Release;
		};
		1421384B207B647B00A842DF /* Build configuration list for PBXNativeTarget "AmityIncubatorTableViewAppTests" */ = {
			isa = XCConfigurationList;
			buildConfigurations = (
				1421384C207B647B00A842DF /* Debug */,
				1421384D207B647B00A842DF /* Release */,
			);
			defaultConfigurationIsVisible = 0;
			defaultConfigurationName = Release;
		};
		1421384E207B647B00A842DF /* Build configuration list for PBXNativeTarget "AmityIncubatorTableViewAppUITests" */ = {
			isa = XCConfigurationList;
			buildConfigurations = (
				1421384F207B647B00A842DF /* Debug */,
				14213850207B647B00A842DF /* Release */,
			);
			defaultConfigurationIsVisible = 0;
			defaultConfigurationName = Release;
		};
/* End XCConfigurationList section */
	};
	rootObject = 14213818207B647A00A842DF /* Project object */;
}
